
Microsoft Visual Studio Solution File, Format Version 12.00
# Visual Studio Version 16
VisualStudioVersion = 16.0.32802.399
MinimumVisualStudioVersion = 10.0.40219.1
Project("{FAE04EC0-301F-11D3-BF4B-00C04F79EFBC}") = "Assesment Test", "Assesment Test\Assesment Test.csproj", "{B43EE3C8-B322-478B-BB26-E1968BE17D69}"
EndProject
Global
	GlobalSection(SolutionConfigurationPlatforms) = preSolution
		Debug|Any CPU = Debug|Any CPU
		Release|Any CPU = Release|Any CPU
	EndGlobalSection
	GlobalSection(ProjectConfigurationPlatforms) = postSolution
		{B43EE3C8-B322-478B-BB26-E1968BE17D69}.Debug|Any CPU.ActiveCfg = Debug|Any CPU
		{B43EE3C8-B322-478B-BB26-E1968BE17D69}.Debug|Any CPU.Build.0 = Debug|Any CPU
		{B43EE3C8-B322-478B-BB26-E1968BE17D69}.Release|Any CPU.ActiveCfg = Release|Any CPU
		{B43EE3C8-B322-478B-BB26-E1968BE17D69}.Release|Any CPU.Build.0 = Release|Any CPU
	EndGlobalSection
	GlobalSection(SolutionProperties) = preSolution
		HideSolutionNode = FALSE
	EndGlobalSection
	GlobalSection(ExtensibilityGlobals) = postSolution
		SolutionGuid = {2A763B91-4620-4201-B70B-B95FD08DC413}
	EndGlobalSection
EndGlobal
